# This file is generated by running "yarn install" inside your project.
# Manual changes might be lost - proceed with caution!

__metadata:
  version: 8
  cacheKey: 10c0

"@esbuild/aix-ppc64@npm:0.27.1":
  version: 0.27.1
  resolution: "@esbuild/aix-ppc64@npm:0.27.1"
  conditions: os=aix & cpu=ppc64
  languageName: node
  linkType: hard

"@esbuild/android-arm64@npm:0.27.1":
  version: 0.27.1
  resolution: "@esbuild/android-arm64@npm:0.27.1"
  conditions: os=android & cpu=arm64
  languageName: node
  linkType: hard

"@esbuild/android-arm@npm:0.27.1":
  version: 0.27.1
  resolution: "@esbuild/android-arm@npm:0.27.1"
  conditions: os=android & cpu=arm
  languageName: node
  linkType: hard

"@esbuild/android-x64@npm:0.27.1":
  version: 0.27.1
  resolution: "@esbuild/android-x64@npm:0.27.1"
  conditions: os=android & cpu=x64
  languageName: node
  linkType: hard

"@esbuild/darwin-arm64@npm:0.27.1":
  version: 0.27.1
  resolution: "@esbuild/darwin-arm64@npm:0.27.1"
  conditions: os=darwin & cpu=arm64
  languageName: node
  linkType: hard

"@esbuild/darwin-x64@npm:0.27.1":
  version: 0.27.1
  resolution: "@esbuild/darwin-x64@npm:0.27.1"
  conditions: os=darwin & cpu=x64
  languageName: node
  linkType: hard

"@esbuild/freebsd-arm64@npm:0.27.1":
  version: 0.27.1
  resolution: "@esbuild/freebsd-arm64@npm:0.27.1"
  conditions: os=freebsd & cpu=arm64
  languageName: node
  linkType: hard

"@esbuild/freebsd-x64@npm:0.27.1":
  version: 0.27.1
  resolution: "@esbuild/freebsd-x64@npm:0.27.1"
  conditions: os=freebsd & cpu=x64
  languageName: node
  linkType: hard

"@esbuild/linux-arm64@npm:0.27.1":
  version: 0.27.1
  resolution: "@esbuild/linux-arm64@npm:0.27.1"
  conditions: os=linux & cpu=arm64
  languageName: node
  linkType: hard

"@esbuild/linux-arm@npm:0.27.1":
  version: 0.27.1
  resolution: "@esbuild/linux-arm@npm:0.27.1"
  conditions: os=linux & cpu=arm
  languageName: node
  linkType: hard

"@esbuild/linux-ia32@npm:0.27.1":
  version: 0.27.1
  resolution: "@esbuild/linux-ia32@npm:0.27.1"
  conditions: os=linux & cpu=ia32
  languageName: node
  linkType: hard

"@esbuild/linux-loong64@npm:0.27.1":
  version: 0.27.1
  resolution: "@esbuild/linux-loong64@npm:0.27.1"
  conditions: os=linux & cpu=loong64
  languageName: node
  linkType: hard

"@esbuild/linux-mips64el@npm:0.27.1":
  version: 0.27.1
  resolution: "@esbuild/linux-mips64el@npm:0.27.1"
  conditions: os=linux & cpu=mips64el
  languageName: node
  linkType: hard

"@esbuild/linux-ppc64@npm:0.27.1":
  version: 0.27.1
  resolution: "@esbuild/linux-ppc64@npm:0.27.1"
  conditions: os=linux & cpu=ppc64
  languageName: node
  linkType: hard

"@esbuild/linux-riscv64@npm:0.27.1":
  version: 0.27.1
  resolution: "@esbuild/linux-riscv64@npm:0.27.1"
  conditions: os=linux & cpu=riscv64
  languageName: node
  linkType: hard

"@esbuild/linux-s390x@npm:0.27.1":
  version: 0.27.1
  resolution: "@esbuild/linux-s390x@npm:0.27.1"
  conditions: os=linux & cpu=s390x
  languageName: node
  linkType: hard

"@esbuild/linux-x64@npm:0.27.1":
  version: 0.27.1
  resolution: "@esbuild/linux-x64@npm:0.27.1"
  conditions: os=linux & cpu=x64
  languageName: node
  linkType: hard

"@esbuild/netbsd-arm64@npm:0.27.1":
  version: 0.27.1
  resolution: "@esbuild/netbsd-arm64@npm:0.27.1"
  conditions: os=netbsd & cpu=arm64
  languageName: node
  linkType: hard

"@esbuild/netbsd-x64@npm:0.27.1":
  version: 0.27.1
  resolution: "@esbuild/netbsd-x64@npm:0.27.1"
  conditions: os=netbsd & cpu=x64
  languageName: node
  linkType: hard

"@esbuild/openbsd-arm64@npm:0.27.1":
  version: 0.27.1
  resolution: "@esbuild/openbsd-arm64@npm:0.27.1"
  conditions: os=openbsd & cpu=arm64
  languageName: node
  linkType: hard

"@esbuild/openbsd-x64@npm:0.27.1":
  version: 0.27.1
  resolution: "@esbuild/openbsd-x64@npm:0.27.1"
  conditions: os=openbsd & cpu=x64
  languageName: node
  linkType: hard

"@esbuild/openharmony-arm64@npm:0.27.1":
  version: 0.27.1
  resolution: "@esbuild/openharmony-arm64@npm:0.27.1"
  conditions: os=openharmony & cpu=arm64
  languageName: node
  linkType: hard

"@esbuild/sunos-x64@npm:0.27.1":
  version: 0.27.1
  resolution: "@esbuild/sunos-x64@npm:0.27.1"
  conditions: os=sunos & cpu=x64
  languageName: node
  linkType: hard

"@esbuild/win32-arm64@npm:0.27.1":
  version: 0.27.1
  resolution: "@esbuild/win32-arm64@npm:0.27.1"
  conditions: os=win32 & cpu=arm64
  languageName: node
  linkType: hard

"@esbuild/win32-ia32@npm:0.27.1":
  version: 0.27.1
  resolution: "@esbuild/win32-ia32@npm:0.27.1"
  conditions: os=win32 & cpu=ia32
  languageName: node
  linkType: hard

"@esbuild/win32-x64@npm:0.27.1":
  version: 0.27.1
  resolution: "@esbuild/win32-x64@npm:0.27.1"
  conditions: os=win32 & cpu=x64
  languageName: node
  linkType: hard

"app@workspace:.":
  version: 0.0.0-use.local
  resolution: "app@workspace:."
  dependencies:
    esbuild: "npm:^0.27.1"
    react: "npm:^19.2.1"
    react-dom: "npm:^19.2.1"
    react-router-dom: "npm:^7.10.1"
  languageName: unknown
  linkType: soft

"cookie@npm:^1.0.1":
  version: 1.1.1
  resolution: "cookie@npm:1.1.1"
  checksum: 10c0/79c4ddc0fcad9c4f045f826f42edf54bcc921a29586a4558b0898277fa89fb47be95bc384c2253f493af7b29500c830da28341274527328f18eba9f58afa112c
  languageName: node
  linkType: hard

"esbuild@npm:^0.27.1":
  version: 0.27.1
  resolution: "esbuild@npm:0.27.1"
  dependencies:
    "@esbuild/aix-ppc64": "npm:0.27.1"
    "@esbuild/android-arm": "npm:0.27.1"
    "@esbuild/android-arm64": "npm:0.27.1"
    "@esbuild/android-x64": "npm:0.27.1"
    "@esbuild/darwin-arm64": "npm:0.27.1"
    "@esbuild/darwin-x64": "npm:0.27.1"
    "@esbuild/freebsd-arm64": "npm:0.27.1"
    "@esbuild/freebsd-x64": "npm:0.27.1"
    "@esbuild/linux-arm": "npm:0.27.1"
    "@esbuild/linux-arm64": "npm:0.27.1"
    "@esbuild/linux-ia32": "npm:0.27.1"
    "@esbuild/linux-loong64": "npm:0.27.1"
    "@esbuild/linux-mips64el": "npm:0.27.1"
    "@esbuild/linux-ppc64": "npm:0.27.1"
    "@esbuild/linux-riscv64": "npm:0.27.1"
    "@esbuild/linux-s390x": "npm:0.27.1"
    "@esbuild/linux-x64": "npm:0.27.1"
    "@esbuild/netbsd-arm64": "npm:0.27.1"
    "@esbuild/netbsd-x64": "npm:0.27.1"
    "@esbuild/openbsd-arm64": "npm:0.27.1"
    "@esbuild/openbsd-x64": "npm:0.27.1"
    "@esbuild/openharmony-arm64": "npm:0.27.1"
    "@esbuild/sunos-x64": "npm:0.27.1"
    "@esbuild/win32-arm64": "npm:0.27.1"
    "@esbuild/win32-ia32": "npm:0.27.1"
    "@esbuild/win32-x64": "npm:0.27.1"
  dependenciesMeta:
    "@esbuild/aix-ppc64":
      optional: true
    "@esbuild/android-arm":
      optional: true
    "@esbuild/android-arm64":
      optional: true
    "@esbuild/android-x64":
      optional: true
    "@esbuild/darwin-arm64":
      optional: true
    "@esbuild/darwin-x64":
      optional: true
    "@esbuild/freebsd-arm64":
      optional: true
    "@esbuild/freebsd-x64":
      optional: true
    "@esbuild/linux-arm":
      optional: true
    "@esbuild/linux-arm64":
      optional: true
    "@esbuild/linux-ia32":
      optional: true
    "@esbuild/linux-loong64":
      optional: true
    "@esbuild/linux-mips64el":
      optional: true
    "@esbuild/linux-ppc64":
      optional: true
    "@esbuild/linux-riscv64":
      optional: true
    "@esbuild/linux-s390x":
      optional: true
    "@esbuild/linux-x64":
      optional: true
    "@esbuild/netbsd-arm64":
      optional: true
    "@esbuild/netbsd-x64":
      optional: true
    "@esbuild/openbsd-arm64":
      optional: true
    "@esbuild/openbsd-x64":
      optional: true
    "@esbuild/openharmony-arm64":
      optional: true
    "@esbuild/sunos-x64":
      optional: true
    "@esbuild/win32-arm64":
      optional: true
    "@esbuild/win32-ia32":
      optional: true
    "@esbuild/win32-x64":
      optional: true
  bin:
    esbuild: bin/esbuild
  checksum: 10c0/8bfcf13a499a9e7b7da4b68273e12b453c7d7a5e39c944c2e5a4c64a0594d6df1391fc168a5353c22bc94eeae38dd9897199ddbbc4973525b0aae18186e996bd
  languageName: node
  linkType: hard

"react-dom@npm:^19.2.1":
  version: 19.2.1
  resolution: "react-dom@npm:19.2.1"
  dependencies:
    scheduler: "npm:^0.27.0"
  peerDependencies:
    react: ^19.2.1
  checksum: 10c0/e56b6b3d72314df580ca800b70a69a21c6372703c8f45d9b5451ca6519faefb2496d76ffa9c5adb94136d2bbf2fd303d0dfc208a2cd77ede3132877471af9470
  languageName: node
  linkType: hard

"react-router-dom@npm:^7.10.1":
  version: 7.10.1
  resolution: "react-router-dom@npm:7.10.1"
  dependencies:
    react-router: "npm:7.10.1"
  peerDependencies:
    react: ">=18"
    react-dom: ">=18"
  checksum: 10c0/e0d0f8176974567321ae6eda319064e4207339b930422cc5efb4e39214e065a698f3c706a9fdb41a4e6e0a1f79c91fe1122a5a960eb30430aaed34a658e336ed
  languageName: node
  linkType: hard

"react-router@npm:7.10.1":
  version: 7.10.1
  resolution: "react-router@npm:7.10.1"
  dependencies:
    cookie: "npm:^1.0.1"
    set-cookie-parser: "npm:^2.6.0"
  peerDependencies:
    react: ">=18"
    react-dom: ">=18"
  peerDependenciesMeta:
    react-dom:
      optional: true
  checksum: 10c0/e114a319603ccf0394f616f954ee3f53bec04636a2f13383b1e941b8fa6c1c64b71b60527e3db8e7f971dcfaaeb9a82bd7c2ddd884a718694e589403e6975d52
  languageName: node
  linkType: hard

"react@npm:^19.2.1":
  version: 19.2.1
  resolution: "react@npm:19.2.1"
  checksum: 10c0/2b5eaf407abb3db84090434c20d6c5a8e447ab7abcd8fe9eaf1ddc299babcf31284ee9db7ea5671d21c85ac5298bd632fa1a7da1ed78d5b368a537f5e1cd5d62
  languageName: node
  linkType: hard

"scheduler@npm:^0.27.0":
  version: 0.27.0
  resolution: "scheduler@npm:0.27.0"
  checksum: 10c0/4f03048cb05a3c8fddc45813052251eca00688f413a3cee236d984a161da28db28ba71bd11e7a3dd02f7af84ab28d39fb311431d3b3772fed557945beb00c452
  languageName: node
  linkType: hard

"set-cookie-parser@npm:^2.6.0":
  version: 2.7.2
  resolution: "set-cookie-parser@npm:2.7.2"
  checksum: 10c0/4381a9eb7ee951dfe393fe7aacf76b9a3b4e93a684d2162ab35594fa4053cc82a4d7d7582bf397718012c9adcf839b8cd8f57c6c42901ea9effe33c752da4a45
  languageName: node
  linkType: hard
